# THIS IS AN AUTOGENERATED FILE. DO NOT EDIT THIS FILE DIRECTLY.
# yarn lockfile v1


lodash@^4.17.15:
  version "4.17.21"
  resolved "https://registry.yarnpkg.com/lodash/-/lodash-4.17.21.tgz#679591c564c3bffaae8454cf0b3df370c3d6911c"
  integrity sha512-v2kDEe57lecTulaDIuNTPy3Ry4gLGJ6Z1O3vE1krgXZNrsQ+LFTGHVxVjcXPs17LhbZVGedAJv8XZ1tvj5FvSg==

tailwindcss-container-sizes@^1.0.2:
  version "1.0.2"
  resolved "https://registry.yarnpkg.com/tailwindcss-container-sizes/-/tailwindcss-container-sizes-1.0.2.tgz#7ffd24561d4182193f1e7c40223f3cf51c09d2a5"
  integrity sha512-j5vgejHzr9I6c92zZV69pJ1xRXfDleOzpcIOE6LZJRLWZjbfWTGkruihxH6c3jMXo3Dx7Wz8V+8psNxkCC+A9A==
  dependencies:
    lodash "^4.17.15"
